
Microsoft Visual Studio Solution File, Format Version 12.00
# Visual Studio Version 17
VisualStudioVersion = 17.0.31710.8
MinimumVisualStudioVersion = 10.0.40219.1
Project("{FAE04EC0-301F-11D3-BF4B-00C04F79EFBC}") = "Snake", "Snake.csproj", "{563B60E2-4E9F-4243-BB6F-10711D502DCB}"
EndProject
Global
	GlobalSection(SolutionConfigurationPlatforms) = preSolution
		Debug|Any CPU = Debug|Any CPU
		Release|Any CPU = Release|Any CPU
	EndGlobalSection
	GlobalSection(ProjectConfigurationPlatforms) = postSolution
		{563B60E2-4E9F-4243-BB6F-10711D502DCB}.Debug|Any CPU.ActiveCfg = Debug|Any CPU
		{563B60E2-4E9F-4243-BB6F-10711D502DCB}.Debug|Any CPU.Build.0 = Debug|Any CPU
		{563B60E2-4E9F-4243-BB6F-10711D502DCB}.Release|Any CPU.ActiveCfg = Release|Any CPU
		{563B60E2-4E9F-4243-BB6F-10711D502DCB}.Release|Any CPU.Build.0 = Release|Any CPU
	EndGlobalSection
	GlobalSection(SolutionProperties) = preSolution
		HideSolutionNode = FALSE
	EndGlobalSection
	GlobalSection(ExtensibilityGlobals) = postSolution
		SolutionGuid = {7AF34BA8-3249-4630-807B-2FFE5D9479D5}
	EndGlobalSection
EndGlobal
